<?xml version="1.0" encoding="utf-8"?>
<Project ToolsVersion="4.0" xmlns="http://schemas.microsoft.com/developer/msbuild/2003">
  <ItemGroup>
    <Filter Include="Source Files">
      <UniqueIdentifier>{4FC737F1-C7A5-4376-A066-2A32D752A2FF}</UniqueIdentifier>
      <Extensions>cpp;c;cc;cxx;def;odl;idl;hpj;bat;asm;asmx</Extensions>
    </Filter>
    <Filter Include="Header Files">
      <UniqueIdentifier>{93995380-89BD-4b04-88EB-625FBE52EBFB}</UniqueIdentifier>
      <Extensions>h;hh;hpp;hxx;hm;inl;inc;xsd</Extensions>
    </Filter>
    <Filter Include="Resource Files">
      <UniqueIdentifier>{67DA6AB6-F800-4c08-8B7A-83BB121AAD01}</UniqueIdentifier>
      <Extensions>rc;ico;cur;bmp;dlg;rc2;rct;bin;rgs;gif;jpg;jpeg;jpe;resx;tiff;tif;png;wav;mfcribbon-ms</Extensions>
    </Filter>
    <Filter Include="imgui">
      <UniqueIdentifier>{a97e9a93-2d63-4bee-a762-5114aeeb1b50}</UniqueIdentifier>
    </Filter>
  </ItemGroup>
  <ItemGroup>
    <ClCompile Include="fw\API.cpp">
      <Filter>Source Files</Filter>
    </ClCompile>
    <ClCompile Include="fw\Application.cpp">
      <Filter>Source Files</Filter>
    </ClCompile>
    <ClCompile Include="fw\Camera.cpp">
      <Filter>Source Files</Filter>
    </ClCompile>
    <ClCompile Include="fw\Device.cpp">
      <Filter>Source Files</Filter>
    </ClCompile>
    <ClCompile Include="fw\DX.cpp">
      <Filter>Source Files</Filter>
    </ClCompile>
    <ClCompile Include="fw\Framework.cpp">
      <Filter>Source Files</Filter>
    </ClCompile>
    <ClCompile Include="fw\Input.cpp">
      <Filter>Source Files</Filter>
    </ClCompile>
    <ClCompile Include="fw\Model.cpp">
      <Filter>Source Files</Filter>
    </ClCompile>
    <ClCompile Include="fw\PixelShader.cpp">
      <Filter>Source Files</Filter>
    </ClCompile>
    <ClCompile Include="fw\Timer.cpp">
      <Filter>Source Files</Filter>
    </ClCompile>
    <ClCompile Include="fw\Transformation.cpp">
      <Filter>Source Files</Filter>
    </ClCompile>
    <ClCompile Include="fw\VertexShader.cpp">
      <Filter>Source Files</Filter>
    </ClCompile>
    <ClCompile Include="fw\Window.cpp">
      <Filter>Source Files</Filter>
    </ClCompile>
    <ClCompile Include="fw\CameraController.cpp">
      <Filter>Source Files</Filter>
    </ClCompile>
    <ClCompile Include="fw\Common.cpp">
      <Filter>Source Files</Filter>
    </ClCompile>
    <ClCompile Include="fw\imgui\imgui_impl_dx11.cpp">
      <Filter>imgui</Filter>
    </ClCompile>
    <ClCompile Include="fw\imgui\imgui.cpp">
      <Filter>imgui</Filter>
    </ClCompile>
    <ClCompile Include="fw\imgui\imgui_demo.cpp">
      <Filter>imgui</Filter>
    </ClCompile>
    <ClCompile Include="fw\imgui\imgui_draw.cpp">
      <Filter>imgui</Filter>
    </ClCompile>
    <ClCompile Include="fw\AssetManager.cpp">
      <Filter>Source Files</Filter>
    </ClCompile>
  </ItemGroup>
  <ItemGroup>
    <ClInclude Include="fw\API.h">
      <Filter>Header Files</Filter>
    </ClInclude>
    <ClInclude Include="fw\Application.h">
      <Filter>Header Files</Filter>
    </ClInclude>
    <ClInclude Include="fw\Camera.h">
      <Filter>Header Files</Filter>
    </ClInclude>
    <ClInclude Include="fw\Common.h">
      <Filter>Header Files</Filter>
    </ClInclude>
    <ClInclude Include="fw\Device.h">
      <Filter>Header Files</Filter>
    </ClInclude>
    <ClInclude Include="fw\DX.h">
      <Filter>Header Files</Filter>
    </ClInclude>
    <ClInclude Include="fw\Framework.h">
      <Filter>Header Files</Filter>
    </ClInclude>
    <ClInclude Include="fw\Input.h">
      <Filter>Header Files</Filter>
    </ClInclude>
    <ClInclude Include="fw\Model.h">
      <Filter>Header Files</Filter>
    </ClInclude>
    <ClInclude Include="fw\PixelShader.h">
      <Filter>Header Files</Filter>
    </ClInclude>
    <ClInclude Include="fw\Timer.h">
      <Filter>Header Files</Filter>
    </ClInclude>
    <ClInclude Include="fw\Transformation.h">
      <Filter>Header Files</Filter>
    </ClInclude>
    <ClInclude Include="fw\VertexShader.h">
      <Filter>Header Files</Filter>
    </ClInclude>
    <ClInclude Include="fw\Window.h">
      <Filter>Header Files</Filter>
    </ClInclude>
    <ClInclude Include="fw\CameraController.h">
      <Filter>Header Files</Filter>
    </ClInclude>
    <ClInclude Include="fw\imgui\imgui_impl_dx11.h">
      <Filter>imgui</Filter>
    </ClInclude>
    <ClInclude Include="fw\imgui\imconfig.h">
      <Filter>imgui</Filter>
    </ClInclude>
    <ClInclude Include="fw\imgui\imgui.h">
      <Filter>imgui</Filter>
    </ClInclude>
    <ClInclude Include="fw\imgui\imgui_internal.h">
      <Filter>imgui</Filter>
    </ClInclude>
    <ClInclude Include="fw\imgui\stb_rect_pack.h">
      <Filter>imgui</Filter>
    </ClInclude>
    <ClInclude Include="fw\imgui\stb_textedit.h">
      <Filter>imgui</Filter>
    </ClInclude>
    <ClInclude Include="fw\imgui\stb_truetype.h">
      <Filter>imgui</Filter>
    </ClInclude>
    <ClInclude Include="fw\AssetManager.h">
      <Filter>Header Files</Filter>
    </ClInclude>
  </ItemGroup>
</Project>